
Microsoft Visual Studio Solution File, Format Version 12.00
# Visual Studio 2012
Project("{8BC9CEB8-8B4A-11D0-8D11-00A0C91BC942}") = "pwenclave", "pwenclave\pwenclave.vcxproj", "{159340EF-2110-4F3C-95D1-20F013B542F5}"
EndProject
Project("{8BC9CEB8-8B4A-11D0-8D11-00A0C91BC942}") = "smoketest", "smoketest\smoketest.vcxproj", "{5D8E55AC-8E1C-44AE-9794-E3E959064D4D}"
	ProjectSection(ProjectDependencies) = postProject
		{159340EF-2110-4F3C-95D1-20F013B542F5} = {159340EF-2110-4F3C-95D1-20F013B542F5}
	EndProjectSection
EndProject
Global
	GlobalSection(SolutionConfigurationPlatforms) = preSolution
		Debug|Win32 = Debug|Win32
		Prerelease|Win32 = Prerelease|Win32
		Release|Win32 = Release|Win32
		Simulation|Win32 = Simulation|Win32
	EndGlobalSection
	GlobalSection(ProjectConfigurationPlatforms) = postSolution
		{159340EF-2110-4F3C-95D1-20F013B542F5}.Debug|Win32.ActiveCfg = Debug|Win32
		{159340EF-2110-4F3C-95D1-20F013B542F5}.Debug|Win32.Build.0 = Debug|Win32
		{159340EF-2110-4F3C-95D1-20F013B542F5}.Prerelease|Win32.ActiveCfg = Prerelease|Win32
		{159340EF-2110-4F3C-95D1-20F013B542F5}.Prerelease|Win32.Build.0 = Prerelease|Win32
		{159340EF-2110-4F3C-95D1-20F013B542F5}.Release|Win32.ActiveCfg = Release|Win32
		{159340EF-2110-4F3C-95D1-20F013B542F5}.Release|Win32.Build.0 = Release|Win32
		{159340EF-2110-4F3C-95D1-20F013B542F5}.Simulation|Win32.ActiveCfg = Simulation|Win32
		{159340EF-2110-4F3C-95D1-20F013B542F5}.Simulation|Win32.Build.0 = Simulation|Win32
		{5D8E55AC-8E1C-44AE-9794-E3E959064D4D}.Debug|Win32.ActiveCfg = Debug|Win32
		{5D8E55AC-8E1C-44AE-9794-E3E959064D4D}.Debug|Win32.Build.0 = Debug|Win32
		{5D8E55AC-8E1C-44AE-9794-E3E959064D4D}.Prerelease|Win32.ActiveCfg = Prerelease|Win32
		{5D8E55AC-8E1C-44AE-9794-E3E959064D4D}.Prerelease|Win32.Build.0 = Prerelease|Win32
		{5D8E55AC-8E1C-44AE-9794-E3E959064D4D}.Release|Win32.ActiveCfg = Release|Win32
		{5D8E55AC-8E1C-44AE-9794-E3E959064D4D}.Release|Win32.Build.0 = Release|Win32
		{5D8E55AC-8E1C-44AE-9794-E3E959064D4D}.Simulation|Win32.ActiveCfg = Simulation|Win32
		{5D8E55AC-8E1C-44AE-9794-E3E959064D4D}.Simulation|Win32.Build.0 = Simulation|Win32
	EndGlobalSection
	GlobalSection(SolutionProperties) = preSolution
		HideSolutionNode = FALSE
	EndGlobalSection
EndGlobal
